// !$*UTF8*$!
{
	archiveVersion = 1;
	classes = {
	};
	objectVersion = 55;
	objects = {

/* Begin PBXBuildFile section */
		CEB6587827C19F4B00E4A44E /* AppDelegate.swift in Sources */ = {isa = PBXBuildFile; fileRef = CEB6587727C19F4B00E4A44E /* AppDelegate.swift */; };
		CEB6587A27C19F4B00E4A44E /* SceneDelegate.swift in Sources */ = {isa = PBXBuildFile; fileRef = CEB6587927C19F4B00E4A44E /* SceneDelegate.swift */; };
		CEB6587C27C19F4B00E4A44E /* ViewController.swift in Sources */ = {isa = PBXBuildFile; fileRef = CEB6587B27C19F4B00E4A44E /* ViewController.swift */; };
		CEB6587F27C19F4B00E4A44E /* Main.storyboard in Resources */ = {isa = PBXBuildFile; fileRef = CEB6587D27C19F4B00E4A44E /* Main.storyboard */; };
		CEB6588127C19F4C00E4A44E /* Assets.xcassets in Resources */ = {isa = PBXBuildFile; fileRef = CEB6588027C19F4C00E4A44E /* Assets.xcassets */; };
		CEB6588427C19F4C00E4A44E /* LaunchScreen.storyboard in Resources */ = {isa = PBXBuildFile; fileRef = CEB6588227C19F4C00E4A44E /* LaunchScreen.storyboard */; };
		CEB6588F27C19F4C00E4A44E /* My_Disney_Movie_Quiz_1_0Tests.swift in Sources */ = {isa = PBXBuildFile; fileRef = CEB6588E27C19F4C00E4A44E /* My_Disney_Movie_Quiz_1_0Tests.swift */; };
		CEB6589927C19F4C00E4A44E /* My_Disney_Movie_Quiz_1_0UITests.swift in Sources */ = {isa = PBXBuildFile; fileRef = CEB6589827C19F4C00E4A44E /* My_Disney_Movie_Quiz_1_0UITests.swift */; };
		CEB6589B27C19F4C00E4A44E /* My_Disney_Movie_Quiz_1_0UITestsLaunchTests.swift in Sources */ = {isa = PBXBuildFile; fileRef = CEB6589A27C19F4C00E4A44E /* My_Disney_Movie_Quiz_1_0UITestsLaunchTests.swift */; };
		CEB658A827C1A2AB00E4A44E /* Question.swift in Sources */ = {isa = PBXBuildFile; fileRef = CEB658A727C1A2AB00E4A44E /* Question.swift */; };
		CEB658AA27C1A2BE00E4A44E /* QuizBrain.swift in Sources */ = {isa = PBXBuildFile; fileRef = CEB658A927C1A2BE00E4A44E /* QuizBrain.swift */; };
/* End PBXBuildFile section */

/* Begin PBXContainerItemProxy section */
		CEB6588B27C19F4C00E4A44E /* PBXContainerItemProxy */ = {
			isa = PBXContainerItemProxy;
			containerPortal = CEB6586C27C19F4B00E4A44E /* Project object */;
			proxyType = 1;
			remoteGlobalIDString = CEB6587327C19F4B00E4A44E;
			remoteInfo = "My Disney Movie Quiz 1.0";
		};
		CEB6589527C19F4C00E4A44E /* PBXContainerItemProxy */ = {
			isa = PBXContainerItemProxy;
			containerPortal = CEB6586C27C19F4B00E4A44E /* Project object */;
			proxyType = 1;
			remoteGlobalIDString = CEB6587327C19F4B00E4A44E;
			remoteInfo = "My Disney Movie Quiz 1.0";
		};
/* End PBXContainerItemProxy section */

/* Begin PBXFileReference section */
		CEB6587427C19F4B00E4A44E /* My Disney Movie Quiz 1.0.app */ = {isa = PBXFileReference; explicitFileType = wrapper.application; includeInIndex = 0; path = "My Disney Movie Quiz 1.0.app"; sourceTree = BUILT_PRODUCTS_DIR; };
		CEB6587727C19F4B00E4A44E /* AppDelegate.swift */ = {isa = PBXFileReference; lastKnownFileType = sourcecode.swift; path = AppDelegate.swift; sourceTree = "<group>"; };
		CEB6587927C19F4B00E4A44E /* SceneDelegate.swift */ = {isa = PBXFileReference; lastKnownFileType = sourcecode.swift; path = SceneDelegate.swift; sourceTree = "<group>"; };
		CEB6587B27C19F4B00E4A44E /* ViewController.swift */ = {isa = PBXFileReference; lastKnownFileType = sourcecode.swift; path = ViewController.swift; sourceTree = "<group>"; };
		CEB6587E27C19F4B00E4A44E /* Base */ = {isa = PBXFileReference; lastKnownFileType = file.storyboard; name = Base; path = Base.lproj/Main.storyboard; sourceTree = "<group>"; };
		CEB6588027C19F4C00E4A44E /* Assets.xcassets */ = {isa = PBXFileReference; lastKnownFileType = folder.assetcatalog; path = Assets.xcassets; sourceTree = "<group>"; };
		CEB6588327C19F4C00E4A44E /* Base */ = {isa = PBXFileReference; lastKnownFileType = file.storyboard; name = Base; path = Base.lproj/LaunchScreen.storyboard; sourceTree = "<group>"; };
		CEB6588527C19F4C00E4A44E /* Info.plist */ = {isa = PBXFileReference; lastKnownFileType = text.plist.xml; path = Info.plist; sourceTree = "<group>"; };
		CEB6588A27C19F4C00E4A44E /* My Disney Movie Quiz 1.0Tests.xctest */ = {isa = PBXFileReference; explicitFileType = wrapper.cfbundle; includeInIndex = 0; path = "My Disney Movie Quiz 1.0Tests.xctest"; sourceTree = BUILT_PRODUCTS_DIR; };
		CEB6588E27C19F4C00E4A44E /* My_Disney_Movie_Quiz_1_0Tests.swift */ = {isa = PBXFileReference; lastKnownFileType = sourcecode.swift; path = My_Disney_Movie_Quiz_1_0Tests.swift; sourceTree = "<group>"; };
		CEB6589427C19F4C00E4A44E /* My Disney Movie Quiz 1.0UITests.xctest */ = {isa = PBXFileReference; explicitFileType = wrapper.cfbundle; includeInIndex = 0; path = "My Disney Movie Quiz 1.0UITests.xctest"; sourceTree = BUILT_PRODUCTS_DIR; };
		CEB6589827C19F4C00E4A44E /* My_Disney_Movie_Quiz_1_0UITests.swift */ = {isa = PBXFileReference; lastKnownFileType = sourcecode.swift; path = My_Disney_Movie_Quiz_1_0UITests.swift; sourceTree = "<group>"; };
		CEB6589A27C19F4C00E4A44E /* My_Disney_Movie_Quiz_1_0UITestsLaunchTests.swift */ = {isa = PBXFileReference; lastKnownFileType = sourcecode.swift; path = My_Disney_Movie_Quiz_1_0UITestsLaunchTests.swift; sourceTree = "<group>"; };
		CEB658A727C1A2AB00E4A44E /* Question.swift */ = {isa = PBXFileReference; lastKnownFileType = sourcecode.swift; path = Question.swift; sourceTree = "<group>"; };
		CEB658A927C1A2BE00E4A44E /* QuizBrain.swift */ = {isa = PBXFileReference; lastKnownFileType = sourcecode.swift; path = QuizBrain.swift; sourceTree = "<group>"; };
/* End PBXFileReference section */

/* Begin PBXFrameworksBuildPhase section */
		CEB6587127C19F4B00E4A44E /* Frameworks */ = {
			isa = PBXFrameworksBuildPhase;
			buildActionMask = 2147483647;
			files = (
			);
			runOnlyForDeploymentPostprocessing = 0;
		};
		CEB6588727C19F4C00E4A44E /* Frameworks */ = {
			isa = PBXFrameworksBuildPhase;
			buildActionMask = 2147483647;
			files = (
			);
			runOnlyForDeploymentPostprocessing = 0;
		};
		CEB6589127C19F4C00E4A44E /* Frameworks */ = {
			isa = PBXFrameworksBuildPhase;
			buildActionMask = 2147483647;
			files = (
			);
			runOnlyForDeploymentPostprocessing = 0;
		};
/* End PBXFrameworksBuildPhase section */

/* Begin PBXGroup section */
		CEB6586B27C19F4B00E4A44E = {
			isa = PBXGroup;
			children = (
				CEB6587627C19F4B00E4A44E /* My Disney Movie Quiz 1.0 */,
				CEB6588D27C19F4C00E4A44E /* My Disney Movie Quiz 1.0Tests */,
				CEB6589727C19F4C00E4A44E /* My Disney Movie Quiz 1.0UITests */,
				CEB6587527C19F4B00E4A44E /* Products */,
			);
			sourceTree = "<group>";
		};
		CEB6587527C19F4B00E4A44E /* Products */ = {
			isa = PBXGroup;
			children = (
				CEB6587427C19F4B00E4A44E /* My Disney Movie Quiz 1.0.app */,
				CEB6588A27C19F4C00E4A44E /* My Disney Movie Quiz 1.0Tests.xctest */,
				CEB6589427C19F4C00E4A44E /* My Disney Movie Quiz 1.0UITests.xctest */,
			);
			name = Products;
			sourceTree = "<group>";
		};
		CEB6587627C19F4B00E4A44E /* My Disney Movie Quiz 1.0 */ = {
			isa = PBXGroup;
			children = (
				CEB6587727C19F4B00E4A44E /* AppDelegate.swift */,
				CEB6587927C19F4B00E4A44E /* SceneDelegate.swift */,
				CEB658AB27C1A62B00E4A44E /* Model */,
				CEB658AD27C1A64400E4A44E /* View */,
				CEB658AC27C1A63500E4A44E /* Controller */,
				CEB6588027C19F4C00E4A44E /* Assets.xcassets */,
				CEB6588227C19F4C00E4A44E /* LaunchScreen.storyboard */,
				CEB6588527C19F4C00E4A44E /* Info.plist */,
			);
			path = "My Disney Movie Quiz 1.0";
			sourceTree = "<group>";
		};
		CEB6588D27C19F4C00E4A44E /* My Disney Movie Quiz 1.0Tests */ = {
			isa = PBXGroup;
			children = (
				CEB6588E27C19F4C00E4A44E /* My_Disney_Movie_Quiz_1_0Tests.swift */,
			);
			path = "My Disney Movie Quiz 1.0Tests";
			sourceTree = "<group>";
		};
		CEB6589727C19F4C00E4A44E /* My Disney Movie Quiz 1.0UITests */ = {
			isa = PBXGroup;
			children = (
				CEB6589827C19F4C00E4A44E /* My_Disney_Movie_Quiz_1_0UITests.swift */,
				CEB6589A27C19F4C00E4A44E /* My_Disney_Movie_Quiz_1_0UITestsLaunchTests.swift */,
			);
			path = "My Disney Movie Quiz 1.0UITests";
			sourceTree = "<group>";
		};
		CEB658AB27C1A62B00E4A44E /* Model */ = {
			isa = PBXGroup;
			children = (
				CEB658A727C1A2AB00E4A44E /* Question.swift */,
				CEB658A927C1A2BE00E4A44E /* QuizBrain.swift */,
			);
			path = Model;
			sourceTree = "<group>";
		};
		CEB658AC27C1A63500E4A44E /* Controller */ = {
			isa = PBXGroup;
			children = (
				CEB6587B27C19F4B00E4A44E /* ViewController.swift */,
			);
			path = Controller;
			sourceTree = "<group>";
		};
		CEB658AD27C1A64400E4A44E /* View */ = {
			isa = PBXGroup;
			children = (
				CEB6587D27C19F4B00E4A44E /* Main.storyboard */,
			);
			path = View;
			sourceTree = "<group>";
		};
/* End PBXGroup section */

/* Begin PBXNativeTarget section */
		CEB6587327C19F4B00E4A44E /* My Disney Movie Quiz 1.0 */ = {
			isa = PBXNativeTarget;
			buildConfigurationList = CEB6589E27C19F4C00E4A44E /* Build configuration list for PBXNativeTarget "My Disney Movie Quiz 1.0" */;
			buildPhases = (
				CEB6587027C19F4B00E4A44E /* Sources */,
				CEB6587127C19F4B00E4A44E /* Frameworks */,
				CEB6587227C19F4B00E4A44E /* Resources */,
			);
			buildRules = (
			);
			dependencies = (
			);
			name = "My Disney Movie Quiz 1.0";
			productName = "My Disney Movie Quiz 1.0";
			productReference = CEB6587427C19F4B00E4A44E /* My Disney Movie Quiz 1.0.app */;
			productType = "com.apple.product-type.application";
		};
		CEB6588927C19F4C00E4A44E /* My Disney Movie Quiz 1.0Tests */ = {
			isa = PBXNativeTarget;
			buildConfigurationList = CEB658A127C19F4C00E4A44E /* Build configuration list for PBXNativeTarget "My Disney Movie Quiz 1.0Tests" */;
			buildPhases = (
				CEB6588627C19F4C00E4A44E /* Sources */,
				CEB6588727C19F4C00E4A44E /* Frameworks */,
				CEB6588827C19F4C00E4A44E /* Resources */,
			);
			buildRules = (
			);
			dependencies = (
				CEB6588C27C19F4C00E4A44E /* PBXTargetDependency */,
			);
			name = "My Disney Movie Quiz 1.0Tests";
			productName = "My Disney Movie Quiz 1.0Tests";
			productReference = CEB6588A27C19F4C00E4A44E /* My Disney Movie Quiz 1.0Tests.xctest */;
			productType = "com.apple.product-type.bundle.unit-test";
		};
		CEB6589327C19F4C00E4A44E /* My Disney Movie Quiz 1.0UITests */ = {
			isa = PBXNativeTarget;
			buildConfigurationList = CEB658A427C19F4C00E4A44E /* Build configuration list for PBXNativeTarget "My Disney Movie Quiz 1.0UITests" */;
			buildPhases = (
				CEB6589027C19F4C00E4A44E /* Sources */,
				CEB6589127C19F4C00E4A44E /* Frameworks */,
				CEB6589227C19F4C00E4A44E /* Resources */,
			);
			buildRules = (
			);
			dependencies = (
				CEB6589627C19F4C00E4A44E /* PBXTargetDependency */,
			);
			name = "My Disney Movie Quiz 1.0UITests";
			productName = "My Disney Movie Quiz 1.0UITests";
			productReference = CEB6589427C19F4C00E4A44E /* My Disney Movie Quiz 1.0UITests.xctest */;
			productType = "com.apple.product-type.bundle.ui-testing";
		};
/* End PBXNativeTarget section */

/* Begin PBXProject section */
		CEB6586C27C19F4B00E4A44E /* Project object */ = {
			isa = PBXProject;
			attributes = {
				BuildIndependentTargetsInParallel = 1;
				LastSwiftUpdateCheck = 1320;
				LastUpgradeCheck = 1320;
				TargetAttributes = {
					CEB6587327C19F4B00E4A44E = {
						CreatedOnToolsVersion = 13.2.1;
					};
					CEB6588927C19F4C00E4A44E = {
						CreatedOnToolsVersion = 13.2.1;
						TestTargetID = CEB6587327C19F4B00E4A44E;
					};
					CEB6589327C19F4C00E4A44E = {
						CreatedOnToolsVersion = 13.2.1;
						TestTargetID = CEB6587327C19F4B00E4A44E;
					};
				};
			};
			buildConfigurationList = CEB6586F27C19F4B00E4A44E /* Build configuration list for PBXProject "My Disney Movie Quiz 1.0" */;
			compatibilityVersion = "Xcode 13.0";
			developmentRegion = en;
			hasScannedForEncodings = 0;
			knownRegions = (
				en,
				Base,
			);
			mainGroup = CEB6586B27C19F4B00E4A44E;
			productRefGroup = CEB6587527C19F4B00E4A44E /* Products */;
			projectDirPath = "";
			projectRoot = "";
			targets = (
				CEB6587327C19F4B00E4A44E /* My Disney Movie Quiz 1.0 */,
				CEB6588927C19F4C00E4A44E /* My Disney Movie Quiz 1.0Tests */,
				CEB6589327C19F4C00E4A44E /* My Disney Movie Quiz 1.0UITests */,
			);
		};
/* End PBXProject section */

/* Begin PBXResourcesBuildPhase section */
		CEB6587227C19F4B00E4A44E /* Resources */ = {
			isa = PBXResourcesBuildPhase;
			buildActionMask = 2147483647;
			files = (
				CEB6588427C19F4C00E4A44E /* LaunchScreen.storyboard in Resources */,
				CEB6588127C19F4C00E4A44E /* Assets.xcassets in Resources */,
				CEB6587F27C19F4B00E4A44E /* Main.storyboard in Resources */,
			);
			runOnlyForDeploymentPostprocessing = 0;
		};
		CEB6588827C19F4C00E4A44E /* Resources */ = {
			isa = PBXResourcesBuildPhase;
			buildActionMask = 2147483647;
			files = (
			);
			runOnlyForDeploymentPostprocessing = 0;
		};
		CEB6589227C19F4C00E4A44E /* Resources */ = {
			isa = PBXResourcesBuildPhase;
			buildActionMask = 2147483647;
			files = (
			);
			runOnlyForDeploymentPostprocessing = 0;
		};
/* End PBXResourcesBuildPhase section */

/* Begin PBXSourcesBuildPhase section */
		CEB6587027C19F4B00E4A44E /* Sources */ = {
			isa = PBXSourcesBuildPhase;
			buildActionMask = 2147483647;
			files = (
				CEB658AA27C1A2BE00E4A44E /* QuizBrain.swift in Sources */,
				CEB6587C27C19F4B00E4A44E /* ViewController.swift in Sources */,
				CEB658A827C1A2AB00E4A44E /* Question.swift in Sources */,
				CEB6587827C19F4B00E4A44E /* AppDelegate.swift in Sources */,
				CEB6587A27C19F4B00E4A44E /* SceneDelegate.swift in Sources */,
			);
			runOnlyForDeploymentPostprocessing = 0;
		};
		CEB6588627C19F4C00E4A44E /* Sources */ = {
			isa = PBXSourcesBuildPhase;
			buildActionMask = 2147483647;
			files = (
				CEB6588F27C19F4C00E4A44E /* My_Disney_Movie_Quiz_1_0Tests.swift in Sources */,
			);
			runOnlyForDeploymentPostprocessing = 0;
		};
		CEB6589027C19F4C00E4A44E /* Sources */ = {
			isa = PBXSourcesBuildPhase;
			buildActionMask = 2147483647;
			files = (
				CEB6589927C19F4C00E4A44E /* My_Disney_Movie_Quiz_1_0UITests.swift in Sources */,
				CEB6589B27C19F4C00E4A44E /* My_Disney_Movie_Quiz_1_0UITestsLaunchTests.swift in Sources */,
			);
			runOnlyForDeploymentPostprocessing = 0;
		};
/* End PBXSourcesBuildPhase section */

/* Begin PBXTargetDependency section */
		CEB6588C27C19F4C00E4A44E /* PBXTargetDependency */ = {
			isa = PBXTargetDependency;
			target = CEB6587327C19F4B00E4A44E /* My Disney Movie Quiz 1.0 */;
			targetProxy = CEB6588B27C19F4C00E4A44E /* PBXContainerItemProxy */;
		};
		CEB6589627C19F4C00E4A44E /* PBXTargetDependency */ = {
			isa = PBXTargetDependency;
			target = CEB6587327C19F4B00E4A44E /* My Disney Movie Quiz 1.0 */;
			targetProxy = CEB6589527C19F4C00E4A44E /* PBXContainerItemProxy */;
		};
/* End PBXTargetDependency section */

/* Begin PBXVariantGroup section */
		CEB6587D27C19F4B00E4A44E /* Main.storyboard */ = {
			isa = PBXVariantGroup;
			children = (
				CEB6587E27C19F4B00E4A44E /* Base */,
			);
			name = Main.storyboard;
			sourceTree = "<group>";
		};
		CEB6588227C19F4C00E4A44E /* LaunchScreen.storyboard */ = {
			isa = PBXVariantGroup;
			children = (
				CEB6588327C19F4C00E4A44E /* Base */,
			);
			name = LaunchScreen.storyboard;
			sourceTree = "<group>";
		};
/* End PBXVariantGroup section */

/* Begin XCBuildConfiguration section */
		CEB6589C27C19F4C00E4A44E /* Debug */ = {
			isa = XCBuildConfiguration;
			buildSettings = {
				ALWAYS_SEARCH_USER_PATHS = NO;
				CLANG_ANALYZER_NONNULL = YES;
				CLANG_ANALYZER_NUMBER_OBJECT_CONVERSION = YES_AGGRESSIVE;
				CLANG_CXX_LANGUAGE_STANDARD = "gnu++17";
				CLANG_CXX_LIBRARY = "libc++";
				CLANG_ENABLE_MODULES = YES;
				CLANG_ENABLE_OBJC_ARC = YES;
				CLANG_ENABLE_OBJC_WEAK = YES;
				CLANG_WARN_BLOCK_CAPTURE_AUTORELEASING = YES;
				CLANG_WARN_BOOL_CONVERSION = YES;
				CLANG_WARN_COMMA = YES;
				CLANG_WARN_CONSTANT_CONVERSION = YES;
				CLANG_WARN_DEPRECATED_OBJC_IMPLEMENTATIONS = YES;
				CLANG_WARN_DIRECT_OBJC_ISA_USAGE = YES_ERROR;
				CLANG_WARN_DOCUMENTATION_COMMENTS = YES;
				CLANG_WARN_EMPTY_BODY = YES;
				CLANG_WARN_ENUM_CONVERSION = YES;
				CLANG_WARN_INFINITE_RECURSION = YES;
				CLANG_WARN_INT_CONVERSION = YES;
				CLANG_WARN_NON_LITERAL_NULL_CONVERSION = YES;
				CLANG_WARN_OBJC_IMPLICIT_RETAIN_SELF = YES;
				CLANG_WARN_OBJC_LITERAL_CONVERSION = YES;
				CLANG_WARN_OBJC_ROOT_CLASS = YES_ERROR;
				CLANG_WARN_QUOTED_INCLUDE_IN_FRAMEWORK_HEADER = YES;
				CLANG_WARN_RANGE_LOOP_ANALYSIS = YES;
				CLANG_WARN_STRICT_PROTOTYPES = YES;
				CLANG_WARN_SUSPICIOUS_MOVE = YES;
				CLANG_WARN_UNGUARDED_AVAILABILITY = YES_AGGRESSIVE;
				CLANG_WARN_UNREACHABLE_CODE = YES;
				CLANG_WARN__DUPLICATE_METHOD_MATCH = YES;
				COPY_PHASE_STRIP = NO;
				DEBUG_INFORMATION_FORMAT = dwarf;
				ENABLE_STRICT_OBJC_MSGSEND = YES;
				ENABLE_TESTABILITY = YES;
				GCC_C_LANGUAGE_STANDARD = gnu11;
				GCC_DYNAMIC_NO_PIC = NO;
				GCC_NO_COMMON_BLOCKS = YES;
				GCC_OPTIMIZATION_LEVEL = 0;
				GCC_PREPROCESSOR_DEFINITIONS = (
					"DEBUG=1",
					"$(inherited)",
				);
				GCC_WARN_64_TO_32_BIT_CONVERSION = YES;
				GCC_WARN_ABOUT_RETURN_TYPE = YES_ERROR;
				GCC_WARN_UNDECLARED_SELECTOR = YES;
				GCC_WARN_UNINITIALIZED_AUTOS = YES_AGGRESSIVE;
				GCC_WARN_UNUSED_FUNCTION = YES;
				GCC_WARN_UNUSED_VARIABLE = YES;
				IPHONEOS_DEPLOYMENT_TARGET = 15.2;
				MTL_ENABLE_DEBUG_INFO = INCLUDE_SOURCE;
				MTL_FAST_MATH = YES;
				ONLY_ACTIVE_ARCH = YES;
				SDKROOT = iphoneos;
				SWIFT_ACTIVE_COMPILATION_CONDITIONS = DEBUG;
				SWIFT_OPTIMIZATION_LEVEL = "-Onone";
			};
			name = Debug;
		};
		CEB6589D27C19F4C00E4A44E /* Release */ = {
			isa = XCBuildConfiguration;
			buildSettings = {
				ALWAYS_SEARCH_USER_PATHS = NO;
				CLANG_ANALYZER_NONNULL = YES;
				CLANG_ANALYZER_NUMBER_OBJECT_CONVERSION = YES_AGGRESSIVE;
				CLANG_CXX_LANGUAGE_STANDARD = "gnu++17";
				CLANG_CXX_LIBRARY = "libc++";
				CLANG_ENABLE_MODULES = YES;
				CLANG_ENABLE_OBJC_ARC = YES;
				CLANG_ENABLE_OBJC_WEAK = YES;
				CLANG_WARN_BLOCK_CAPTURE_AUTORELEASING = YES;
				CLANG_WARN_BOOL_CONVERSION = YES;
				CLANG_WARN_COMMA = YES;
				CLANG_WARN_CONSTANT_CONVERSION = YES;
				CLANG_WARN_DEPRECATED_OBJC_IMPLEMENTATIONS = YES;
				CLANG_WARN_DIRECT_OBJC_ISA_USAGE = YES_ERROR;
				CLANG_WARN_DOCUMENTATION_COMMENTS = YES;
				CLANG_WARN_EMPTY_BODY = YES;
				CLANG_WARN_ENUM_CONVERSION = YES;
				CLANG_WARN_INFINITE_RECURSION = YES;
				CLANG_WARN_INT_CONVERSION = YES;
				CLANG_WARN_NON_LITERAL_NULL_CONVERSION = YES;
				CLANG_WARN_OBJC_IMPLICIT_RETAIN_SELF = YES;
				CLANG_WARN_OBJC_LITERAL_CONVERSION = YES;
				CLANG_WARN_OBJC_ROOT_CLASS = YES_ERROR;
				CLANG_WARN_QUOTED_INCLUDE_IN_FRAMEWORK_HEADER = YES;
				CLANG_WARN_RANGE_LOOP_ANALYSIS = YES;
				CLANG_WARN_STRICT_PROTOTYPES = YES;
				CLANG_WARN_SUSPICIOUS_MOVE = YES;
				CLANG_WARN_UNGUARDED_AVAILABILITY = YES_AGGRESSIVE;
				CLANG_WARN_UNREACHABLE_CODE = YES;
				CLANG_WARN__DUPLICATE_METHOD_MATCH = YES;
				COPY_PHASE_STRIP = NO;
				DEBUG_INFORMATION_FORMAT = "dwarf-with-dsym";
				ENABLE_NS_ASSERTIONS = NO;
				ENABLE_STRICT_OBJC_MSGSEND = YES;
				GCC_C_LANGUAGE_STANDARD = gnu11;
				GCC_NO_COMMON_BLOCKS = YES;
				GCC_WARN_64_TO_32_BIT_CONVERSION = YES;
				GCC_WARN_ABOUT_RETURN_TYPE = YES_ERROR;
				GCC_WARN_UNDECLARED_SELECTOR = YES;
				GCC_WARN_UNINITIALIZED_AUTOS = YES_AGGRESSIVE;
				GCC_WARN_UNUSED_FUNCTION = YES;
				GCC_WARN_UNUSED_VARIABLE = YES;
				IPHONEOS_DEPLOYMENT_TARGET = 15.2;
				MTL_ENABLE_DEBUG_INFO = NO;
				MTL_FAST_MATH = YES;
				SDKROOT = iphoneos;
				SWIFT_COMPILATION_MODE = wholemodule;
				SWIFT_OPTIMIZATION_LEVEL = "-O";
				VALIDATE_PRODUCT = YES;
			};
			name = Release;
		};
		CEB6589F27C19F4C00E4A44E /* Debug */ = {
			isa = XCBuildConfiguration;
			buildSettings = {
				ASSETCATALOG_COMPILER_APPICON_NAME = AppIcon;
				ASSETCATALOG_COMPILER_GLOBAL_ACCENT_COLOR_NAME = AccentColor;
				CODE_SIGN_STYLE = Automatic;
				CURRENT_PROJECT_VERSION = 1;
				DEVELOPMENT_TEAM = AFA6H93BD4;
				GENERATE_INFOPLIST_FILE = YES;
				INFOPLIST_FILE = "My Disney Movie Quiz 1.0/Info.plist";
				INFOPLIST_KEY_UIApplicationSupportsIndirectInputEvents = YES;
				INFOPLIST_KEY_UILaunchStoryboardName = LaunchScreen;
				INFOPLIST_KEY_UIMainStoryboardFile = Main;
				INFOPLIST_KEY_UISupportedInterfaceOrientations_iPad = "UIInterfaceOrientationPortrait UIInterfaceOrientationPortraitUpsideDown UIInterfaceOrientationLandscapeLeft UIInterfaceOrientationLandscapeRight";
				INFOPLIST_KEY_UISupportedInterfaceOrientations_iPhone = "UIInterfaceOrientationPortrait UIInterfaceOrientationLandscapeLeft UIInterfaceOrientationLandscapeRight";
				LD_RUNPATH_SEARCH_PATHS = (
					"$(inherited)",
					"@executable_path/Frameworks",
				);
				MARKETING_VERSION = 1.0;
				PRODUCT_BUNDLE_IDENTIFIER = "com.rattananoeun.My-Disney-Movie-Quiz-1-0";
				PRODUCT_NAME = "$(TARGET_NAME)";
				SWIFT_EMIT_LOC_STRINGS = YES;
				SWIFT_VERSION = 5.0;
				TARGETED_DEVICE_FAMILY = "1,2";
			};
			name = Debug;
		};
		CEB658A027C19F4C00E4A44E /* Release */ = {
			isa = XCBuildConfiguration;
			buildSettings = {
				ASSETCATALOG_COMPILER_APPICON_NAME = AppIcon;
				ASSETCATALOG_COMPILER_GLOBAL_ACCENT_COLOR_NAME = AccentColor;
				CODE_SIGN_STYLE = Automatic;
				CURRENT_PROJECT_VERSION = 1;
				DEVELOPMENT_TEAM = AFA6H93BD4;
				GENERATE_INFOPLIST_FILE = YES;
				INFOPLIST_FILE = "My Disney Movie Quiz 1.0/Info.plist";
				INFOPLIST_KEY_UIApplicationSupportsIndirectInputEvents = YES;
				INFOPLIST_KEY_UILaunchStoryboardName = LaunchScreen;
				INFOPLIST_KEY_UIMainStoryboardFile = Main;
				INFOPLIST_KEY_UISupportedInterfaceOrientations_iPad = "UIInterfaceOrientationPortrait UIInterfaceOrientationPortraitUpsideDown UIInterfaceOrientationLandscapeLeft UIInterfaceOrientationLandscapeRight";
				INFOPLIST_KEY_UISupportedInterfaceOrientations_iPhone = "UIInterfaceOrientationPortrait UIInterfaceOrientationLandscapeLeft UIInterfaceOrientationLandscapeRight";
				LD_RUNPATH_SEARCH_PATHS = (
					"$(inherited)",
					"@executable_path/Frameworks",
				);
				MARKETING_VERSION = 1.0;
				PRODUCT_BUNDLE_IDENTIFIER = "com.rattananoeun.My-Disney-Movie-Quiz-1-0";
				PRODUCT_NAME = "$(TARGET_NAME)";
				SWIFT_EMIT_LOC_STRINGS = YES;
				SWIFT_VERSION = 5.0;
				TARGETED_DEVICE_FAMILY = "1,2";
			};
			name = Release;
		};
		CEB658A227C19F4C00E4A44E /* Debug */ = {
			isa = XCBuildConfiguration;
			buildSettings = {
				ALWAYS_EMBED_SWIFT_STANDARD_LIBRARIES = YES;
				BUNDLE_LOADER = "$(TEST_HOST)";
				CODE_SIGN_STYLE = Automatic;
				CURRENT_PROJECT_VERSION = 1;
				DEVELOPMENT_TEAM = AFA6H93BD4;
				GENERATE_INFOPLIST_FILE = YES;
				IPHONEOS_DEPLOYMENT_TARGET = 15.2;
				MARKETING_VERSION = 1.0;
				PRODUCT_BUNDLE_IDENTIFIER = "com.rattananoeun.My-Disney-Movie-Quiz-1-0Tests";
				PRODUCT_NAME = "$(TARGET_NAME)";
				SWIFT_EMIT_LOC_STRINGS = NO;
				SWIFT_VERSION = 5.0;
				TARGETED_DEVICE_FAMILY = "1,2";
				TEST_HOST = "$(BUILT_PRODUCTS_DIR)/My Disney Movie Quiz 1.0.app/My Disney Movie Quiz 1.0";
			};
			name = Debug;
		};
		CEB658A327C19F4C00E4A44E /* Release */ = {
			isa = XCBuildConfiguration;
			buildSettings = {
				ALWAYS_EMBED_SWIFT_STANDARD_LIBRARIES = YES;
				BUNDLE_LOADER = "$(TEST_HOST)";
				CODE_SIGN_STYLE = Automatic;
				CURRENT_PROJECT_VERSION = 1;
				DEVELOPMENT_TEAM = AFA6H93BD4;
				GENERATE_INFOPLIST_FILE = YES;
				IPHONEOS_DEPLOYMENT_TARGET = 15.2;
				MARKETING_VERSION = 1.0;
				PRODUCT_BUNDLE_IDENTIFIER = "com.rattananoeun.My-Disney-Movie-Quiz-1-0Tests";
				PRODUCT_NAME = "$(TARGET_NAME)";
				SWIFT_EMIT_LOC_STRINGS = NO;
				SWIFT_VERSION = 5.0;
				TARGETED_DEVICE_FAMILY = "1,2";
				TEST_HOST = "$(BUILT_PRODUCTS_DIR)/My Disney Movie Quiz 1.0.app/My Disney Movie Quiz 1.0";
			};
			name = Release;
		};
		CEB658A527C19F4C00E4A44E /* Debug */ = {
			isa = XCBuildConfiguration;
			buildSettings = {
				ALWAYS_EMBED_SWIFT_STANDARD_LIBRARIES = YES;
				CODE_SIGN_STYLE = Automatic;
				CURRENT_PROJECT_VERSION = 1;
				DEVELOPMENT_TEAM = AFA6H93BD4;
				GENERATE_INFOPLIST_FILE = YES;
				MARKETING_VERSION = 1.0;
				PRODUCT_BUNDLE_IDENTIFIER = "com.rattananoeun.My-Disney-Movie-Quiz-1-0UITests";
				PRODUCT_NAME = "$(TARGET_NAME)";
				SWIFT_EMIT_LOC_STRINGS = NO;
				SWIFT_VERSION = 5.0;
				TARGETED_DEVICE_FAMILY = "1,2";
				TEST_TARGET_NAME = "My Disney Movie Quiz 1.0";
			};
			name = Debug;
		};
		CEB658A627C19F4C00E4A44E /* Release */ = {
			isa = XCBuildConfiguration;
			buildSettings = {
				ALWAYS_EMBED_SWIFT_STANDARD_LIBRARIES = YES;
				CODE_SIGN_STYLE = Automatic;
				CURRENT_PROJECT_VERSION = 1;
				DEVELOPMENT_TEAM = AFA6H93BD4;
				GENERATE_INFOPLIST_FILE = YES;
				MARKETING_VERSION = 1.0;
				PRODUCT_BUNDLE_IDENTIFIER = "com.rattananoeun.My-Disney-Movie-Quiz-1-0UITests";
				PRODUCT_NAME = "$(TARGET_NAME)";
				SWIFT_EMIT_LOC_STRINGS = NO;
				SWIFT_VERSION = 5.0;
				TARGETED_DEVICE_FAMILY = "1,2";
				TEST_TARGET_NAME = "My Disney Movie Quiz 1.0";
			};
			name = Release;
		};
/* End XCBuildConfiguration section */

/* Begin XCConfigurationList section */
		CEB6586F27C19F4B00E4A44E /* Build configuration list for PBXProject "My Disney Movie Quiz 1.0" */ = {
			isa = XCConfigurationList;
			buildConfigurations = (
				CEB6589C27C19F4C00E4A44E /* Debug */,
				CEB6589D27C19F4C00E4A44E /* Release */,
			);
			defaultConfigurationIsVisible = 0;
			defaultConfigurationName = Release;
		};
		CEB6589E27C19F4C00E4A44E /* Build configuration list for PBXNativeTarget "My Disney Movie Quiz 1.0" */ = {
			isa = XCConfigurationList;
			buildConfigurations = (
				CEB6589F27C19F4C00E4A44E /* Debug */,
				CEB658A027C19F4C00E4A44E /* Release */,
			);
			defaultConfigurationIsVisible = 0;
			defaultConfigurationName = Release;
		};
		CEB658A127C19F4C00E4A44E /* Build configuration list for PBXNativeTarget "My Disney Movie Quiz 1.0Tests" */ = {
			isa = XCConfigurationList;
			buildConfigurations = (
				CEB658A227C19F4C00E4A44E /* Debug */,
				CEB658A327C19F4C00E4A44E /* Release */,
			);
			defaultConfigurationIsVisible = 0;
			defaultConfigurationName = Release;
		};
		CEB658A427C19F4C00E4A44E /* Build configuration list for PBXNativeTarget "My Disney Movie Quiz 1.0UITests" */ = {
			isa = XCConfigurationList;
			buildConfigurations = (
				CEB658A527C19F4C00E4A44E /* Debug */,
				CEB658A627C19F4C00E4A44E /* Release */,
			);
			defaultConfigurationIsVisible = 0;
			defaultConfigurationName = Release;
		};
/* End XCConfigurationList section */
	};
	rootObject = CEB6586C27C19F4B00E4A44E /* Project object */;
}
